// !$*UTF8*$!
{
	archiveVersion = 1;
	classes = {
	};
	objectVersion = 46;
	objects = {

/* Begin PBXBuildFile section */
		6A3126581EC1D71A0085B38C /* AppDelegate.swift in Sources */ = {isa = PBXBuildFile; fileRef = 6A3126571EC1D71A0085B38C /* AppDelegate.swift */; };
		6A31265D1EC1D71A0085B38C /* Main.storyboard in Resources */ = {isa = PBXBuildFile; fileRef = 6A31265B1EC1D71A0085B38C /* Main.storyboard */; };
		6A3126601EC1D71A0085B38C /* CanPush.xcdatamodeld in Sources */ = {isa = PBXBuildFile; fileRef = 6A31265E1EC1D71A0085B38C /* CanPush.xcdatamodeld */; };
		6A3126621EC1D71A0085B38C /* Assets.xcassets in Resources */ = {isa = PBXBuildFile; fileRef = 6A3126611EC1D71A0085B38C /* Assets.xcassets */; };
		6A3126651EC1D71A0085B38C /* LaunchScreen.storyboard in Resources */ = {isa = PBXBuildFile; fileRef = 6A3126631EC1D71A0085B38C /* LaunchScreen.storyboard */; };
		6A31266D1EC1D8A80085B38C /* GameController.swift in Sources */ = {isa = PBXBuildFile; fileRef = 6A31266C1EC1D8A80085B38C /* GameController.swift */; };
		6A31266F1EC1D8CB0085B38C /* ViewContollerMenu.swift in Sources */ = {isa = PBXBuildFile; fileRef = 6A31266E1EC1D8CB0085B38C /* ViewContollerMenu.swift */; };
		6A3126711EC1D8E00085B38C /* mapViewController.swift in Sources */ = {isa = PBXBuildFile; fileRef = 6A3126701EC1D8E00085B38C /* mapViewController.swift */; };
		6A3126731EC1D8FF0085B38C /* Funkkarit.swift in Sources */ = {isa = PBXBuildFile; fileRef = 6A3126721EC1D8FF0085B38C /* Funkkarit.swift */; };
		6A3126751EC1D9070085B38C /* Stop.swift in Sources */ = {isa = PBXBuildFile; fileRef = 6A3126741EC1D9070085B38C /* Stop.swift */; };
		6A3126771EC1D92B0085B38C /* TableViewController.swift in Sources */ = {isa = PBXBuildFile; fileRef = 6A3126761EC1D92B0085B38C /* TableViewController.swift */; };
		6A3126791EC1D9390085B38C /* ViewControllerPref.swift in Sources */ = {isa = PBXBuildFile; fileRef = 6A3126781EC1D9390085B38C /* ViewControllerPref.swift */; };
		6A31267B1EC1D9570085B38C /* HighscoreViewController.swift in Sources */ = {isa = PBXBuildFile; fileRef = 6A31267A1EC1D9570085B38C /* HighscoreViewController.swift */; };
		6A31267D1EC1D9650085B38C /* DatabaseController.swift in Sources */ = {isa = PBXBuildFile; fileRef = 6A31267C1EC1D9650085B38C /* DatabaseController.swift */; };
		6A31267F1EC1D96E0085B38C /* ViewControllerBus.swift in Sources */ = {isa = PBXBuildFile; fileRef = 6A31267E1EC1D96E0085B38C /* ViewControllerBus.swift */; };
/* End PBXBuildFile section */

/* Begin PBXFileReference section */
		6A3126541EC1D7190085B38C /* CanPush.app */ = {isa = PBXFileReference; explicitFileType = wrapper.application; includeInIndex = 0; path = CanPush.app; sourceTree = BUILT_PRODUCTS_DIR; };
		6A3126571EC1D71A0085B38C /* AppDelegate.swift */ = {isa = PBXFileReference; lastKnownFileType = sourcecode.swift; path = AppDelegate.swift; sourceTree = "<group>"; };
		6A31265C1EC1D71A0085B38C /* Base */ = {isa = PBXFileReference; lastKnownFileType = file.storyboard; name = Base; path = Base.lproj/Main.storyboard; sourceTree = "<group>"; };
		6A31265F1EC1D71A0085B38C /* CanPush.xcdatamodel */ = {isa = PBXFileReference; lastKnownFileType = wrapper.xcdatamodel; path = CanPush.xcdatamodel; sourceTree = "<group>"; };
		6A3126611EC1D71A0085B38C /* Assets.xcassets */ = {isa = PBXFileReference; lastKnownFileType = folder.assetcatalog; path = Assets.xcassets; sourceTree = "<group>"; };
		6A3126641EC1D71A0085B38C /* Base */ = {isa = PBXFileReference; lastKnownFileType = file.storyboard; name = Base; path = Base.lproj/LaunchScreen.storyboard; sourceTree = "<group>"; };
		6A3126661EC1D71A0085B38C /* Info.plist */ = {isa = PBXFileReference; lastKnownFileType = text.plist.xml; path = Info.plist; sourceTree = "<group>"; };
		6A31266C1EC1D8A80085B38C /* GameController.swift */ = {isa = PBXFileReference; fileEncoding = 4; lastKnownFileType = sourcecode.swift; path = GameController.swift; sourceTree = "<group>"; };
		6A31266E1EC1D8CB0085B38C /* ViewContollerMenu.swift */ = {isa = PBXFileReference; fileEncoding = 4; lastKnownFileType = sourcecode.swift; path = ViewContollerMenu.swift; sourceTree = "<group>"; };
		6A3126701EC1D8E00085B38C /* mapViewController.swift */ = {isa = PBXFileReference; fileEncoding = 4; lastKnownFileType = sourcecode.swift; path = mapViewController.swift; sourceTree = "<group>"; };
		6A3126721EC1D8FF0085B38C /* Funkkarit.swift */ = {isa = PBXFileReference; fileEncoding = 4; lastKnownFileType = sourcecode.swift; path = Funkkarit.swift; sourceTree = "<group>"; };
		6A3126741EC1D9070085B38C /* Stop.swift */ = {isa = PBXFileReference; fileEncoding = 4; lastKnownFileType = sourcecode.swift; path = Stop.swift; sourceTree = "<group>"; };
		6A3126761EC1D92B0085B38C /* TableViewController.swift */ = {isa = PBXFileReference; fileEncoding = 4; lastKnownFileType = sourcecode.swift; path = TableViewController.swift; sourceTree = "<group>"; };
		6A3126781EC1D9390085B38C /* ViewControllerPref.swift */ = {isa = PBXFileReference; fileEncoding = 4; lastKnownFileType = sourcecode.swift; path = ViewControllerPref.swift; sourceTree = "<group>"; };
		6A31267A1EC1D9570085B38C /* HighscoreViewController.swift */ = {isa = PBXFileReference; fileEncoding = 4; lastKnownFileType = sourcecode.swift; path = HighscoreViewController.swift; sourceTree = "<group>"; };
		6A31267C1EC1D9650085B38C /* DatabaseController.swift */ = {isa = PBXFileReference; fileEncoding = 4; lastKnownFileType = sourcecode.swift; path = DatabaseController.swift; sourceTree = "<group>"; };
		6A31267E1EC1D96E0085B38C /* ViewControllerBus.swift */ = {isa = PBXFileReference; fileEncoding = 4; lastKnownFileType = sourcecode.swift; path = ViewControllerBus.swift; sourceTree = "<group>"; };
/* End PBXFileReference section */

/* Begin PBXFrameworksBuildPhase section */
		6A3126511EC1D7190085B38C /* Frameworks */ = {
			isa = PBXFrameworksBuildPhase;
			buildActionMask = 2147483647;
			files = (
			);
			runOnlyForDeploymentPostprocessing = 0;
		};
/* End PBXFrameworksBuildPhase section */

/* Begin PBXGroup section */
		6A31264B1EC1D7190085B38C = {
			isa = PBXGroup;
			children = (
				6A3126561EC1D7190085B38C /* CanPush */,
				6A3126551EC1D7190085B38C /* Products */,
			);
			sourceTree = "<group>";
		};
		6A3126551EC1D7190085B38C /* Products */ = {
			isa = PBXGroup;
			children = (
				6A3126541EC1D7190085B38C /* CanPush.app */,
			);
			name = Products;
			sourceTree = "<group>";
		};
		6A3126561EC1D7190085B38C /* CanPush */ = {
			isa = PBXGroup;
			children = (
				6A3126571EC1D71A0085B38C /* AppDelegate.swift */,
				6A31266E1EC1D8CB0085B38C /* ViewContollerMenu.swift */,
				6A31267E1EC1D96E0085B38C /* ViewControllerBus.swift */,
				6A31266C1EC1D8A80085B38C /* GameController.swift */,
				6A3126701EC1D8E00085B38C /* mapViewController.swift */,
				6A3126721EC1D8FF0085B38C /* Funkkarit.swift */,
				6A3126741EC1D9070085B38C /* Stop.swift */,
				6A3126761EC1D92B0085B38C /* TableViewController.swift */,
				6A3126781EC1D9390085B38C /* ViewControllerPref.swift */,
				6A31267A1EC1D9570085B38C /* HighscoreViewController.swift */,
				6A31267C1EC1D9650085B38C /* DatabaseController.swift */,
				6A31265B1EC1D71A0085B38C /* Main.storyboard */,
				6A3126611EC1D71A0085B38C /* Assets.xcassets */,
				6A3126631EC1D71A0085B38C /* LaunchScreen.storyboard */,
				6A3126661EC1D71A0085B38C /* Info.plist */,
				6A31265E1EC1D71A0085B38C /* CanPush.xcdatamodeld */,
			);
			path = CanPush;
			sourceTree = "<group>";
		};
/* End PBXGroup section */

/* Begin PBXNativeTarget section */
		6A3126531EC1D7190085B38C /* CanPush */ = {
			isa = PBXNativeTarget;
			buildConfigurationList = 6A3126691EC1D71A0085B38C /* Build configuration list for PBXNativeTarget "CanPush" */;
			buildPhases = (
				6A3126501EC1D7190085B38C /* Sources */,
				6A3126511EC1D7190085B38C /* Frameworks */,
				6A3126521EC1D7190085B38C /* Resources */,
			);
			buildRules = (
			);
			dependencies = (
			);
			name = CanPush;
			productName = CanPush;
			productReference = 6A3126541EC1D7190085B38C /* CanPush.app */;
			productType = "com.apple.product-type.application";
		};
/* End PBXNativeTarget section */

/* Begin PBXProject section */
		6A31264C1EC1D7190085B38C /* Project object */ = {
			isa = PBXProject;
			attributes = {
				LastSwiftUpdateCheck = 0810;
				LastUpgradeCheck = 0810;
				ORGANIZATIONNAME = MSM;
				TargetAttributes = {
					6A3126531EC1D7190085B38C = {
						CreatedOnToolsVersion = 8.1;
						DevelopmentTeam = T87JPP76N3;
						ProvisioningStyle = Automatic;
					};
				};
			};
			buildConfigurationList = 6A31264F1EC1D7190085B38C /* Build configuration list for PBXProject "CanPush" */;
			compatibilityVersion = "Xcode 3.2";
			developmentRegion = English;
			hasScannedForEncodings = 0;
			knownRegions = (
				en,
				Base,
			);
			mainGroup = 6A31264B1EC1D7190085B38C;
			productRefGroup = 6A3126551EC1D7190085B38C /* Products */;
			projectDirPath = "";
			projectRoot = "";
			targets = (
				6A3126531EC1D7190085B38C /* CanPush */,
			);
		};
/* End PBXProject section */

/* Begin PBXResourcesBuildPhase section */
		6A3126521EC1D7190085B38C /* Resources */ = {
			isa = PBXResourcesBuildPhase;
			buildActionMask = 2147483647;
			files = (
				6A3126651EC1D71A0085B38C /* LaunchScreen.storyboard in Resources */,
				6A3126621EC1D71A0085B38C /* Assets.xcassets in Resources */,
				6A31265D1EC1D71A0085B38C /* Main.storyboard in Resources */,
			);
			runOnlyForDeploymentPostprocessing = 0;
		};
/* End PBXResourcesBuildPhase section */

/* Begin PBXSourcesBuildPhase section */
		6A3126501EC1D7190085B38C /* Sources */ = {
			isa = PBXSourcesBuildPhase;
			buildActionMask = 2147483647;
			files = (
				6A31266F1EC1D8CB0085B38C /* ViewContollerMenu.swift in Sources */,
				6A31266D1EC1D8A80085B38C /* GameController.swift in Sources */,
				6A3126751EC1D9070085B38C /* Stop.swift in Sources */,
				6A3126731EC1D8FF0085B38C /* Funkkarit.swift in Sources */,
				6A31267F1EC1D96E0085B38C /* ViewControllerBus.swift in Sources */,
				6A3126711EC1D8E00085B38C /* mapViewController.swift in Sources */,
				6A3126601EC1D71A0085B38C /* CanPush.xcdatamodeld in Sources */,
				6A3126791EC1D9390085B38C /* ViewControllerPref.swift in Sources */,
				6A31267D1EC1D9650085B38C /* DatabaseController.swift in Sources */,
				6A3126771EC1D92B0085B38C /* TableViewController.swift in Sources */,
				6A3126581EC1D71A0085B38C /* AppDelegate.swift in Sources */,
				6A31267B1EC1D9570085B38C /* HighscoreViewController.swift in Sources */,
			);
			runOnlyForDeploymentPostprocessing = 0;
		};
/* End PBXSourcesBuildPhase section */

/* Begin PBXVariantGroup section */
		6A31265B1EC1D71A0085B38C /* Main.storyboard */ = {
			isa = PBXVariantGroup;
			children = (
				6A31265C1EC1D71A0085B38C /* Base */,
			);
			name = Main.storyboard;
			sourceTree = "<group>";
		};
		6A3126631EC1D71A0085B38C /* LaunchScreen.storyboard */ = {
			isa = PBXVariantGroup;
			children = (
				6A3126641EC1D71A0085B38C /* Base */,
			);
			name = LaunchScreen.storyboard;
			sourceTree = "<group>";
		};
/* End PBXVariantGroup section */

/* Begin XCBuildConfiguration section */
		6A3126671EC1D71A0085B38C /* Debug */ = {
			isa = XCBuildConfiguration;
			buildSettings = {
				ALWAYS_SEARCH_USER_PATHS = NO;
				CLANG_ANALYZER_NONNULL = YES;
				CLANG_CXX_LANGUAGE_STANDARD = "gnu++0x";
				CLANG_CXX_LIBRARY = "libc++";
				CLANG_ENABLE_MODULES = YES;
				CLANG_ENABLE_OBJC_ARC = YES;
				CLANG_WARN_BOOL_CONVERSION = YES;
				CLANG_WARN_CONSTANT_CONVERSION = YES;
				CLANG_WARN_DIRECT_OBJC_ISA_USAGE = YES_ERROR;
				CLANG_WARN_DOCUMENTATION_COMMENTS = YES;
				CLANG_WARN_EMPTY_BODY = YES;
				CLANG_WARN_ENUM_CONVERSION = YES;
				CLANG_WARN_INFINITE_RECURSION = YES;
				CLANG_WARN_INT_CONVERSION = YES;
				CLANG_WARN_OBJC_ROOT_CLASS = YES_ERROR;
				CLANG_WARN_SUSPICIOUS_MOVES = YES;
				CLANG_WARN_UNREACHABLE_CODE = YES;
				CLANG_WARN__DUPLICATE_METHOD_MATCH = YES;
				"CODE_SIGN_IDENTITY[sdk=iphoneos*]" = "iPhone Developer";
				COPY_PHASE_STRIP = NO;
				DEBUG_INFORMATION_FORMAT = dwarf;
				ENABLE_STRICT_OBJC_MSGSEND = YES;
				ENABLE_TESTABILITY = YES;
				GCC_C_LANGUAGE_STANDARD = gnu99;
				GCC_DYNAMIC_NO_PIC = NO;
				GCC_NO_COMMON_BLOCKS = YES;
				GCC_OPTIMIZATION_LEVEL = 0;
				GCC_PREPROCESSOR_DEFINITIONS = (
					"DEBUG=1",
					"$(inherited)",
				);
				GCC_WARN_64_TO_32_BIT_CONVERSION = YES;
				GCC_WARN_ABOUT_RETURN_TYPE = YES_ERROR;
				GCC_WARN_UNDECLARED_SELECTOR = YES;
				GCC_WARN_UNINITIALIZED_AUTOS = YES_AGGRESSIVE;
				GCC_WARN_UNUSED_FUNCTION = YES;
				GCC_WARN_UNUSED_VARIABLE = YES;
				IPHONEOS_DEPLOYMENT_TARGET = 10.1;
				MTL_ENABLE_DEBUG_INFO = YES;
				ONLY_ACTIVE_ARCH = YES;
				SDKROOT = iphoneos;
				SWIFT_ACTIVE_COMPILATION_CONDITIONS = DEBUG;
				SWIFT_OPTIMIZATION_LEVEL = "-Onone";
			};
			name = Debug;
		};
		6A3126681EC1D71A0085B38C /* Release */ = {
			isa = XCBuildConfiguration;
			buildSettings = {
				ALWAYS_SEARCH_USER_PATHS = NO;
				CLANG_ANALYZER_NONNULL = YES;
				CLANG_CXX_LANGUAGE_STANDARD = "gnu++0x";
				CLANG_CXX_LIBRARY = "libc++";
				CLANG_ENABLE_MODULES = YES;
				CLANG_ENABLE_OBJC_ARC = YES;
				CLANG_WARN_BOOL_CONVERSION = YES;
				CLANG_WARN_CONSTANT_CONVERSION = YES;
				CLANG_WARN_DIRECT_OBJC_ISA_USAGE = YES_ERROR;
				CLANG_WARN_DOCUMENTATION_COMMENTS = YES;
				CLANG_WARN_EMPTY_BODY = YES;
				CLANG_WARN_ENUM_CONVERSION = YES;
				CLANG_WARN_INFINITE_RECURSION = YES;
				CLANG_WARN_INT_CONVERSION = YES;
				CLANG_WARN_OBJC_ROOT_CLASS = YES_ERROR;
				CLANG_WARN_SUSPICIOUS_MOVES = YES;
				CLANG_WARN_UNREACHABLE_CODE = YES;
				CLANG_WARN__DUPLICATE_METHOD_MATCH = YES;
				"CODE_SIGN_IDENTITY[sdk=iphoneos*]" = "iPhone Developer";
				COPY_PHASE_STRIP = NO;
				DEBUG_INFORMATION_FORMAT = "dwarf-with-dsym";
				ENABLE_NS_ASSERTIONS = NO;
				ENABLE_STRICT_OBJC_MSGSEND = YES;
				GCC_C_LANGUAGE_STANDARD = gnu99;
				GCC_NO_COMMON_BLOCKS = YES;
				GCC_WARN_64_TO_32_BIT_CONVERSION = YES;
				GCC_WARN_ABOUT_RETURN_TYPE = YES_ERROR;
				GCC_WARN_UNDECLARED_SELECTOR = YES;
				GCC_WARN_UNINITIALIZED_AUTOS = YES_AGGRESSIVE;
				GCC_WARN_UNUSED_FUNCTION = YES;
				GCC_WARN_UNUSED_VARIABLE = YES;
				IPHONEOS_DEPLOYMENT_TARGET = 10.1;
				MTL_ENABLE_DEBUG_INFO = NO;
				SDKROOT = iphoneos;
				SWIFT_OPTIMIZATION_LEVEL = "-Owholemodule";
				VALIDATE_PRODUCT = YES;
			};
			name = Release;
		};
		6A31266A1EC1D71A0085B38C /* Debug */ = {
			isa = XCBuildConfiguration;
			buildSettings = {
				ASSETCATALOG_COMPILER_APPICON_NAME = AppIcon;
				DEVELOPMENT_TEAM = T87JPP76N3;
				INFOPLIST_FILE = CanPush/Info.plist;
				IPHONEOS_DEPLOYMENT_TARGET = 10.1;
				LD_RUNPATH_SEARCH_PATHS = "$(inherited) @executable_path/Frameworks";
				PRODUCT_BUNDLE_IDENTIFIER = MSM.CanPush;
				PRODUCT_NAME = "$(TARGET_NAME)";
				SWIFT_VERSION = 3.0;
			};
			name = Debug;
		};
		6A31266B1EC1D71A0085B38C /* Release */ = {
			isa = XCBuildConfiguration;
			buildSettings = {
				ASSETCATALOG_COMPILER_APPICON_NAME = AppIcon;
				DEVELOPMENT_TEAM = T87JPP76N3;
				INFOPLIST_FILE = CanPush/Info.plist;
				IPHONEOS_DEPLOYMENT_TARGET = 10.1;
				LD_RUNPATH_SEARCH_PATHS = "$(inherited) @executable_path/Frameworks";
				PRODUCT_BUNDLE_IDENTIFIER = MSM.CanPush;
				PRODUCT_NAME = "$(TARGET_NAME)";
				SWIFT_VERSION = 3.0;
			};
			name = Release;
		};
/* End XCBuildConfiguration section */

/* Begin XCConfigurationList section */
		6A31264F1EC1D7190085B38C /* Build configuration list for PBXProject "CanPush" */ = {
			isa = XCConfigurationList;
			buildConfigurations = (
				6A3126671EC1D71A0085B38C /* Debug */,
				6A3126681EC1D71A0085B38C /* Release */,
			);
			defaultConfigurationIsVisible = 0;
			defaultConfigurationName = Release;
		};
		6A3126691EC1D71A0085B38C /* Build configuration list for PBXNativeTarget "CanPush" */ = {
			isa = XCConfigurationList;
			buildConfigurations = (
				6A31266A1EC1D71A0085B38C /* Debug */,
				6A31266B1EC1D71A0085B38C /* Release */,
			);
			defaultConfigurationIsVisible = 0;
		};
/* End XCConfigurationList section */

/* Begin XCVersionGroup section */
		6A31265E1EC1D71A0085B38C /* CanPush.xcdatamodeld */ = {
			isa = XCVersionGroup;
			children = (
				6A31265F1EC1D71A0085B38C /* CanPush.xcdatamodel */,
			);
			currentVersion = 6A31265F1EC1D71A0085B38C /* CanPush.xcdatamodel */;
			path = CanPush.xcdatamodeld;
			sourceTree = "<group>";
			versionGroupType = wrapper.xcdatamodel;
		};
/* End XCVersionGroup section */
	};
	rootObject = 6A31264C1EC1D7190085B38C /* Project object */;
}
